
Microsoft Visual Studio Solution File, Format Version 12.00
# Visual Studio Version 16
VisualStudioVersion = 16.0.30804.86
MinimumVisualStudioVersion = 10.0.40219.1
Project("{FAE04EC0-301F-11D3-BF4B-00C04F79EFBC}") = "consultorioABM-Api", "testapi\consultorioABM-Api.csproj", "{C4A1F32A-3405-4A81-AF88-61B3BED9C76B}"
EndProject
Global
	GlobalSection(SolutionConfigurationPlatforms) = preSolution
		Debug|Any CPU = Debug|Any CPU
		Release|Any CPU = Release|Any CPU
	EndGlobalSection
	GlobalSection(ProjectConfigurationPlatforms) = postSolution
		{C4A1F32A-3405-4A81-AF88-61B3BED9C76B}.Debug|Any CPU.ActiveCfg = Debug|Any CPU
		{C4A1F32A-3405-4A81-AF88-61B3BED9C76B}.Debug|Any CPU.Build.0 = Debug|Any CPU
		{C4A1F32A-3405-4A81-AF88-61B3BED9C76B}.Release|Any CPU.ActiveCfg = Release|Any CPU
		{C4A1F32A-3405-4A81-AF88-61B3BED9C76B}.Release|Any CPU.Build.0 = Release|Any CPU
	EndGlobalSection
	GlobalSection(SolutionProperties) = preSolution
		HideSolutionNode = FALSE
	EndGlobalSection
	GlobalSection(ExtensibilityGlobals) = postSolution
		SolutionGuid = {F445A167-22D2-4A33-961B-721E05586896}
	EndGlobalSection
EndGlobal
